Microsoft Visual Studio Solution File, Format Version 11.00
# Visual Studio 2010
Project("{FAE04EC0-301F-11D3-BF4B-00C04F79EFBC}") = "PartCover.Console", "PartCover.Console\PartCover.Console.csproj", "{7BF61BD2-84D9-4EFB-B6D8-3B851C8935A6}"
	ProjectSection(ProjectDependencies) = postProject
		{18D29461-7890-4EB6-8A8C-DAC5E6AB4B57} = {18D29461-7890-4EB6-8A8C-DAC5E6AB4B57}
	EndProjectSection
EndProject
Project("{FAE04EC0-301F-11D3-BF4B-00C04F79EFBC}") = "PartCover.Framework", "PartCover.Framework\PartCover.Framework.csproj", "{18D29461-7890-4EB6-8A8C-DAC5E6AB4B57}"
	ProjectSection(ProjectDependencies) = postProject
		{D179C0D8-461A-4FF1-8119-40CC73C520DB} = {D179C0D8-461A-4FF1-8119-40CC73C520DB}
	EndProjectSection
EndProject
Project("{FAE04EC0-301F-11D3-BF4B-00C04F79EFBC}") = "PartCover.Browser", "PartCover.Browser\PartCover.Browser.csproj", "{482B7B52-E92B-49EF-B4B5-57F2A1AFAFD3}"
EndProject
Project("{54435603-DBB4-11D2-8724-00A0C9A8B90C}") = "PartCover.Setup", "PartCover.Setup\PartCover.Setup.vdproj", "{5775EF21-61B1-46EF-AB6E-260A8846BD83}"
EndProject
Project("{FAE04EC0-301F-11D3-BF4B-00C04F79EFBC}") = "PartCover.Browser.Api", "PartCover.Browser.Api\PartCover.Browser.Api.csproj", "{38839D6D-42DC-43F8-9B75-25EAC5962092}"
EndProject
Project("{FAE04EC0-301F-11D3-BF4B-00C04F79EFBC}") = "PartViewer", "PartViewer\PartViewer.csproj", "{B5ED842D-8E9D-435B-A246-614E2BE7F5E0}"
EndProject
Project("{FAE04EC0-301F-11D3-BF4B-00C04F79EFBC}") = "PartViewer.Demo", "PartViewer.Demo\PartViewer.Demo.csproj", "{B8DC5C79-EA3B-423C-874B-815E0A619877}"
EndProject
Project("{8BC9CEB8-8B4A-11D0-8D11-00A0C91BC942}") = "PartCover", "PartCover.CorDriver\PartCover.CorDriver.vcxproj", "{D179C0D8-461A-4FF1-8119-40CC73C520DB}"
	ProjectSection(ProjectDependencies) = postProject
		{A8D73ED3-654D-454B-BB58-AAD2E9A807D8} = {A8D73ED3-654D-454B-BB58-AAD2E9A807D8}
	EndProjectSection
EndProject
Project("{FAE04EC0-301F-11D3-BF4B-00C04F79EFBC}") = "PartCover.StressTest", "PartCover.StressTest\PartCover.StressTest.csproj", "{42F3F09C-FA74-4D75-9C68-CE074D94D513}"
EndProject
Project("{2150E333-8FDC-42A3-9474-1A3956D46DE8}") = "Solution Items", "Solution Items", "{C4DD37FD-8D28-46E8-9A86-2BA19EE5A206}"
EndProject
Project("{FAE04EC0-301F-11D3-BF4B-00C04F79EFBC}") = "PartCover.Registration", "PartCover.Registration\PartCover.Registration.csproj", "{A8D73ED3-654D-454B-BB58-AAD2E9A807D8}"
EndProject
Project("{FAE04EC0-301F-11D3-BF4B-00C04F79EFBC}") = "PartCover.Framework.UnitTests", "PartCover.Framework.UnitTests\PartCover.Framework.UnitTests.csproj", "{3B967BAE-7D8F-4EFD-9A62-761A37B25ADE}"
EndProject
Global
	GlobalSection(SolutionConfigurationPlatforms) = preSolution
		Debug|x64 = Debug|x64
		Debug|x86 = Debug|x86
		Release|x64 = Release|x64
		Release|x86 = Release|x86
		Setup|x64 = Setup|x64
		Setup|x86 = Setup|x86
	EndGlobalSection
	GlobalSection(ProjectConfigurationPlatforms) = postSolution
		{7BF61BD2-84D9-4EFB-B6D8-3B851C8935A6}.Debug|x64.ActiveCfg = Debug|x64
		{7BF61BD2-84D9-4EFB-B6D8-3B851C8935A6}.Debug|x64.Build.0 = Debug|x64
		{7BF61BD2-84D9-4EFB-B6D8-3B851C8935A6}.Debug|x86.ActiveCfg = Debug|x86
		{7BF61BD2-84D9-4EFB-B6D8-3B851C8935A6}.Debug|x86.Build.0 = Debug|x86
		{7BF61BD2-84D9-4EFB-B6D8-3B851C8935A6}.Release|x64.ActiveCfg = Release|x64
		{7BF61BD2-84D9-4EFB-B6D8-3B851C8935A6}.Release|x64.Build.0 = Release|x64
		{7BF61BD2-84D9-4EFB-B6D8-3B851C8935A6}.Release|x86.ActiveCfg = Release|x86
		{7BF61BD2-84D9-4EFB-B6D8-3B851C8935A6}.Release|x86.Build.0 = Release|x86
		{7BF61BD2-84D9-4EFB-B6D8-3B851C8935A6}.Setup|x64.ActiveCfg = Release|x86
		{7BF61BD2-84D9-4EFB-B6D8-3B851C8935A6}.Setup|x86.ActiveCfg = Release|x86
		{7BF61BD2-84D9-4EFB-B6D8-3B851C8935A6}.Setup|x86.Build.0 = Release|x86
		{18D29461-7890-4EB6-8A8C-DAC5E6AB4B57}.Debug|x64.ActiveCfg = Debug|Any CPU
		{18D29461-7890-4EB6-8A8C-DAC5E6AB4B57}.Debug|x64.Build.0 = Debug|Any CPU
		{18D29461-7890-4EB6-8A8C-DAC5E6AB4B57}.Debug|x86.ActiveCfg = Debug|Any CPU
		{18D29461-7890-4EB6-8A8C-DAC5E6AB4B57}.Debug|x86.Build.0 = Debug|Any CPU
		{18D29461-7890-4EB6-8A8C-DAC5E6AB4B57}.Release|x64.ActiveCfg = Release|Any CPU
		{18D29461-7890-4EB6-8A8C-DAC5E6AB4B57}.Release|x64.Build.0 = Release|Any CPU
		{18D29461-7890-4EB6-8A8C-DAC5E6AB4B57}.Release|x86.ActiveCfg = Release|Any CPU
		{18D29461-7890-4EB6-8A8C-DAC5E6AB4B57}.Release|x86.Build.0 = Release|Any CPU
		{18D29461-7890-4EB6-8A8C-DAC5E6AB4B57}.Setup|x64.ActiveCfg = Release|Any CPU
		{18D29461-7890-4EB6-8A8C-DAC5E6AB4B57}.Setup|x86.ActiveCfg = Release|Any CPU
		{482B7B52-E92B-49EF-B4B5-57F2A1AFAFD3}.Debug|x64.ActiveCfg = Debug|x64
		{482B7B52-E92B-49EF-B4B5-57F2A1AFAFD3}.Debug|x64.Build.0 = Debug|x64
		{482B7B52-E92B-49EF-B4B5-57F2A1AFAFD3}.Debug|x86.ActiveCfg = Debug|x86
		{482B7B52-E92B-49EF-B4B5-57F2A1AFAFD3}.Debug|x86.Build.0 = Debug|x86
		{482B7B52-E92B-49EF-B4B5-57F2A1AFAFD3}.Release|x64.ActiveCfg = Release|x64
		{482B7B52-E92B-49EF-B4B5-57F2A1AFAFD3}.Release|x64.Build.0 = Release|x64
		{482B7B52-E92B-49EF-B4B5-57F2A1AFAFD3}.Release|x86.ActiveCfg = Release|x86
		{482B7B52-E92B-49EF-B4B5-57F2A1AFAFD3}.Release|x86.Build.0 = Release|x86
		{482B7B52-E92B-49EF-B4B5-57F2A1AFAFD3}.Setup|x64.ActiveCfg = Release|x86
		{482B7B52-E92B-49EF-B4B5-57F2A1AFAFD3}.Setup|x86.ActiveCfg = Release|x86
		{482B7B52-E92B-49EF-B4B5-57F2A1AFAFD3}.Setup|x86.Build.0 = Release|x86
		{5775EF21-61B1-46EF-AB6E-260A8846BD83}.Debug|x64.ActiveCfg = Debug
		{5775EF21-61B1-46EF-AB6E-260A8846BD83}.Debug|x86.ActiveCfg = Debug
		{5775EF21-61B1-46EF-AB6E-260A8846BD83}.Release|x64.ActiveCfg = Release
		{5775EF21-61B1-46EF-AB6E-260A8846BD83}.Release|x86.ActiveCfg = Release
		{5775EF21-61B1-46EF-AB6E-260A8846BD83}.Setup|x64.ActiveCfg = Release
		{5775EF21-61B1-46EF-AB6E-260A8846BD83}.Setup|x64.Build.0 = Release
		{5775EF21-61B1-46EF-AB6E-260A8846BD83}.Setup|x86.ActiveCfg = Release
		{5775EF21-61B1-46EF-AB6E-260A8846BD83}.Setup|x86.Build.0 = Release
		{38839D6D-42DC-43F8-9B75-25EAC5962092}.Debug|x64.ActiveCfg = Debug|Any CPU
		{38839D6D-42DC-43F8-9B75-25EAC5962092}.Debug|x64.Build.0 = Debug|Any CPU
		{38839D6D-42DC-43F8-9B75-25EAC5962092}.Debug|x86.ActiveCfg = Debug|Any CPU
		{38839D6D-42DC-43F8-9B75-25EAC5962092}.Debug|x86.Build.0 = Debug|Any CPU
		{38839D6D-42DC-43F8-9B75-25EAC5962092}.Release|x64.ActiveCfg = Release|Any CPU
		{38839D6D-42DC-43F8-9B75-25EAC5962092}.Release|x64.Build.0 = Release|Any CPU
		{38839D6D-42DC-43F8-9B75-25EAC5962092}.Release|x86.ActiveCfg = Release|Any CPU
		{38839D6D-42DC-43F8-9B75-25EAC5962092}.Release|x86.Build.0 = Release|Any CPU
		{38839D6D-42DC-43F8-9B75-25EAC5962092}.Setup|x64.ActiveCfg = Release|Any CPU
		{38839D6D-42DC-43F8-9B75-25EAC5962092}.Setup|x86.ActiveCfg = Release|Any CPU
		{B5ED842D-8E9D-435B-A246-614E2BE7F5E0}.Debug|x64.ActiveCfg = Debug|Any CPU
		{B5ED842D-8E9D-435B-A246-614E2BE7F5E0}.Debug|x64.Build.0 = Debug|Any CPU
		{B5ED842D-8E9D-435B-A246-614E2BE7F5E0}.Debug|x86.ActiveCfg = Debug|Any CPU
		{B5ED842D-8E9D-435B-A246-614E2BE7F5E0}.Debug|x86.Build.0 = Debug|Any CPU
		{B5ED842D-8E9D-435B-A246-614E2BE7F5E0}.Release|x64.ActiveCfg = Release|Any CPU
		{B5ED842D-8E9D-435B-A246-614E2BE7F5E0}.Release|x64.Build.0 = Release|Any CPU
		{B5ED842D-8E9D-435B-A246-614E2BE7F5E0}.Release|x86.ActiveCfg = Release|Any CPU
		{B5ED842D-8E9D-435B-A246-614E2BE7F5E0}.Release|x86.Build.0 = Release|Any CPU
		{B5ED842D-8E9D-435B-A246-614E2BE7F5E0}.Setup|x64.ActiveCfg = Release|Any CPU
		{B5ED842D-8E9D-435B-A246-614E2BE7F5E0}.Setup|x86.ActiveCfg = Release|Any CPU
		{B8DC5C79-EA3B-423C-874B-815E0A619877}.Debug|x64.ActiveCfg = Debug|Any CPU
		{B8DC5C79-EA3B-423C-874B-815E0A619877}.Debug|x64.Build.0 = Debug|Any CPU
		{B8DC5C79-EA3B-423C-874B-815E0A619877}.Debug|x86.ActiveCfg = Debug|Any CPU
		{B8DC5C79-EA3B-423C-874B-815E0A619877}.Debug|x86.Build.0 = Debug|Any CPU
		{B8DC5C79-EA3B-423C-874B-815E0A619877}.Release|x64.ActiveCfg = Release|Any CPU
		{B8DC5C79-EA3B-423C-874B-815E0A619877}.Release|x86.ActiveCfg = Release|Any CPU
		{B8DC5C79-EA3B-423C-874B-815E0A619877}.Setup|x64.ActiveCfg = Release|Any CPU
		{B8DC5C79-EA3B-423C-874B-815E0A619877}.Setup|x86.ActiveCfg = Release|Any CPU
		{D179C0D8-461A-4FF1-8119-40CC73C520DB}.Debug|x64.ActiveCfg = Debug|x64
		{D179C0D8-461A-4FF1-8119-40CC73C520DB}.Debug|x64.Build.0 = Debug|x64
		{D179C0D8-461A-4FF1-8119-40CC73C520DB}.Debug|x86.ActiveCfg = Debug|Win32
		{D179C0D8-461A-4FF1-8119-40CC73C520DB}.Debug|x86.Build.0 = Debug|Win32
		{D179C0D8-461A-4FF1-8119-40CC73C520DB}.Release|x64.ActiveCfg = Release|x64
		{D179C0D8-461A-4FF1-8119-40CC73C520DB}.Release|x64.Build.0 = Release|x64
		{D179C0D8-461A-4FF1-8119-40CC73C520DB}.Release|x86.ActiveCfg = Release|Win32
		{D179C0D8-461A-4FF1-8119-40CC73C520DB}.Release|x86.Build.0 = Release|Win32
		{D179C0D8-461A-4FF1-8119-40CC73C520DB}.Setup|x64.ActiveCfg = Release|x64
		{D179C0D8-461A-4FF1-8119-40CC73C520DB}.Setup|x64.Build.0 = Release|x64
		{D179C0D8-461A-4FF1-8119-40CC73C520DB}.Setup|x86.ActiveCfg = Release|Win32
		{42F3F09C-FA74-4D75-9C68-CE074D94D513}.Debug|x64.ActiveCfg = Debug|x64
		{42F3F09C-FA74-4D75-9C68-CE074D94D513}.Debug|x64.Build.0 = Debug|x64
		{42F3F09C-FA74-4D75-9C68-CE074D94D513}.Debug|x86.ActiveCfg = Debug|x86
		{42F3F09C-FA74-4D75-9C68-CE074D94D513}.Debug|x86.Build.0 = Debug|x86
		{42F3F09C-FA74-4D75-9C68-CE074D94D513}.Release|x64.ActiveCfg = Release|x64
		{42F3F09C-FA74-4D75-9C68-CE074D94D513}.Release|x64.Build.0 = Release|x64
		{42F3F09C-FA74-4D75-9C68-CE074D94D513}.Release|x86.ActiveCfg = Release|x86
		{42F3F09C-FA74-4D75-9C68-CE074D94D513}.Release|x86.Build.0 = Release|x86
		{42F3F09C-FA74-4D75-9C68-CE074D94D513}.Setup|x64.ActiveCfg = Release|x64
		{42F3F09C-FA74-4D75-9C68-CE074D94D513}.Setup|x64.Build.0 = Release|x64
		{42F3F09C-FA74-4D75-9C68-CE074D94D513}.Setup|x86.ActiveCfg = Release|x64
		{A8D73ED3-654D-454B-BB58-AAD2E9A807D8}.Debug|x64.ActiveCfg = Debug|x64
		{A8D73ED3-654D-454B-BB58-AAD2E9A807D8}.Debug|x64.Build.0 = Debug|x64
		{A8D73ED3-654D-454B-BB58-AAD2E9A807D8}.Debug|x86.ActiveCfg = Debug|x86
		{A8D73ED3-654D-454B-BB58-AAD2E9A807D8}.Debug|x86.Build.0 = Debug|x86
		{A8D73ED3-654D-454B-BB58-AAD2E9A807D8}.Release|x64.ActiveCfg = Release|x64
		{A8D73ED3-654D-454B-BB58-AAD2E9A807D8}.Release|x64.Build.0 = Release|x64
		{A8D73ED3-654D-454B-BB58-AAD2E9A807D8}.Release|x86.ActiveCfg = Release|x86
		{A8D73ED3-654D-454B-BB58-AAD2E9A807D8}.Release|x86.Build.0 = Release|x86
		{A8D73ED3-654D-454B-BB58-AAD2E9A807D8}.Setup|x64.ActiveCfg = Release|x86
		{A8D73ED3-654D-454B-BB58-AAD2E9A807D8}.Setup|x86.ActiveCfg = Release|x86
		{A8D73ED3-654D-454B-BB58-AAD2E9A807D8}.Setup|x86.Build.0 = Release|x86
		{3B967BAE-7D8F-4EFD-9A62-761A37B25ADE}.Debug|Any CPU.ActiveCfg = Debug|Any CPU
		{3B967BAE-7D8F-4EFD-9A62-761A37B25ADE}.Debug|Any CPU.Build.0 = Debug|Any CPU
		{3B967BAE-7D8F-4EFD-9A62-761A37B25ADE}.Debug|Mixed Platforms.ActiveCfg = Debug|Any CPU
		{3B967BAE-7D8F-4EFD-9A62-761A37B25ADE}.Debug|Mixed Platforms.Build.0 = Debug|Any CPU
		{3B967BAE-7D8F-4EFD-9A62-761A37B25ADE}.Debug|Win32.ActiveCfg = Debug|Any CPU
		{3B967BAE-7D8F-4EFD-9A62-761A37B25ADE}.Debug|x86.ActiveCfg = Debug|Any CPU
		{3B967BAE-7D8F-4EFD-9A62-761A37B25ADE}.Release|Any CPU.ActiveCfg = Release|Any CPU
		{3B967BAE-7D8F-4EFD-9A62-761A37B25ADE}.Release|Any CPU.Build.0 = Release|Any CPU
		{3B967BAE-7D8F-4EFD-9A62-761A37B25ADE}.Release|Mixed Platforms.ActiveCfg = Release|Any CPU
		{3B967BAE-7D8F-4EFD-9A62-761A37B25ADE}.Release|Mixed Platforms.Build.0 = Release|Any CPU
		{3B967BAE-7D8F-4EFD-9A62-761A37B25ADE}.Release|Win32.ActiveCfg = Release|Any CPU
		{3B967BAE-7D8F-4EFD-9A62-761A37B25ADE}.Release|x86.ActiveCfg = Release|Any CPU
		{3B967BAE-7D8F-4EFD-9A62-761A37B25ADE}.Setup|Any CPU.ActiveCfg = Release|Any CPU
		{3B967BAE-7D8F-4EFD-9A62-761A37B25ADE}.Setup|Any CPU.Build.0 = Release|Any CPU
		{3B967BAE-7D8F-4EFD-9A62-761A37B25ADE}.Setup|Mixed Platforms.ActiveCfg = Release|Any CPU
		{3B967BAE-7D8F-4EFD-9A62-761A37B25ADE}.Setup|Mixed Platforms.Build.0 = Release|Any CPU
		{3B967BAE-7D8F-4EFD-9A62-761A37B25ADE}.Setup|Win32.ActiveCfg = Release|Any CPU
		{3B967BAE-7D8F-4EFD-9A62-761A37B25ADE}.Setup|x86.ActiveCfg = Release|Any CPU
	EndGlobalSection
	GlobalSection(SolutionProperties) = preSolution
		HideSolutionNode = FALSE
	EndGlobalSection
EndGlobal