Microsoft Visual Studio Solution File, Format Version 11.00
# Visual Studio 2010
Project("{FAE04EC0-301F-11D3-BF4B-00C04F79EFBC}") = "PartCover.Console", "PartCover.Console\PartCover.Console.csproj", "{7BF61BD2-84D9-4EFB-B6D8-3B851C8935A6}"
	ProjectSection(ProjectDependencies) = postProject
		{18D29461-7890-4EB6-8A8C-DAC5E6AB4B57} = {18D29461-7890-4EB6-8A8C-DAC5E6AB4B57}
	EndProjectSection
EndProject
Project("{FAE04EC0-301F-11D3-BF4B-00C04F79EFBC}") = "PartCover.Framework", "PartCover.Framework\PartCover.Framework.csproj", "{18D29461-7890-4EB6-8A8C-DAC5E6AB4B57}"
	ProjectSection(ProjectDependencies) = postProject
		{D179C0D8-461A-4FF1-8119-40CC73C520DB} = {D179C0D8-461A-4FF1-8119-40CC73C520DB}
	EndProjectSection
EndProject
Project("{8BC9CEB8-8B4A-11D0-8D11-00A0C91BC942}") = "PartCover", "PartCover.CorDriver\PartCover.CorDriver.vcxproj", "{D179C0D8-461A-4FF1-8119-40CC73C520DB}"
EndProject
Project("{2150E333-8FDC-42A3-9474-1A3956D46DE8}") = "Solution Items", "Solution Items", "{C4DD37FD-8D28-46E8-9A86-2BA19EE5A206}"
	ProjectSection(SolutionItems) = preProject
		UpgradeLog.XML = UpgradeLog.XML
	EndProjectSection
EndProject
Project("{FAE04EC0-301F-11D3-BF4B-00C04F79EFBC}") = "PartCover.TestCom.Net2", "PartCover.TestCom.Net2\PartCover.TestCom.Net2.csproj", "{76BC3D65-7455-483E-8327-436F9C3F495A}"
EndProject
Project("{FAE04EC0-301F-11D3-BF4B-00C04F79EFBC}") = "PartCover.TestCom.Net4", "PartCover.TestCom.Net4\PartCover.TestCom.Net4.csproj", "{2E9F16E1-03CE-4160-AF5B-EE5813740080}"
EndProject
Project("{8BC9CEB8-8B4A-11D0-8D11-00A0C91BC942}") = "PartCover.SideBySide.Test", "PartCover.SideBySide.Test\PartCover.SideBySide.Test.vcxproj", "{D838D454-2145-44B3-9CB1-3B1B228C61AC}"
	ProjectSection(ProjectDependencies) = postProject
		{76BC3D65-7455-483E-8327-436F9C3F495A} = {76BC3D65-7455-483E-8327-436F9C3F495A}
		{2E9F16E1-03CE-4160-AF5B-EE5813740080} = {2E9F16E1-03CE-4160-AF5B-EE5813740080}
	EndProjectSection
EndProject
Global
	GlobalSection(SolutionConfigurationPlatforms) = preSolution
		Debug|Any CPU = Debug|Any CPU
		Debug|Mixed Platforms = Debug|Mixed Platforms
		Debug|Win32 = Debug|Win32
		Release|Any CPU = Release|Any CPU
		Release|Mixed Platforms = Release|Mixed Platforms
		Release|Win32 = Release|Win32
		Setup|Any CPU = Setup|Any CPU
		Setup|Mixed Platforms = Setup|Mixed Platforms
		Setup|Win32 = Setup|Win32
		Test|Any CPU = Test|Any CPU
		Test|Mixed Platforms = Test|Mixed Platforms
		Test|Win32 = Test|Win32
	EndGlobalSection
	GlobalSection(ProjectConfigurationPlatforms) = postSolution
		{7BF61BD2-84D9-4EFB-B6D8-3B851C8935A6}.Debug|Any CPU.ActiveCfg = Debug|Any CPU
		{7BF61BD2-84D9-4EFB-B6D8-3B851C8935A6}.Debug|Any CPU.Build.0 = Debug|Any CPU
		{7BF61BD2-84D9-4EFB-B6D8-3B851C8935A6}.Debug|Mixed Platforms.ActiveCfg = Debug|Any CPU
		{7BF61BD2-84D9-4EFB-B6D8-3B851C8935A6}.Debug|Mixed Platforms.Build.0 = Debug|Any CPU
		{7BF61BD2-84D9-4EFB-B6D8-3B851C8935A6}.Debug|Win32.ActiveCfg = Debug|Any CPU
		{7BF61BD2-84D9-4EFB-B6D8-3B851C8935A6}.Release|Any CPU.ActiveCfg = Release|Any CPU
		{7BF61BD2-84D9-4EFB-B6D8-3B851C8935A6}.Release|Any CPU.Build.0 = Release|Any CPU
		{7BF61BD2-84D9-4EFB-B6D8-3B851C8935A6}.Release|Mixed Platforms.ActiveCfg = Release|Any CPU
		{7BF61BD2-84D9-4EFB-B6D8-3B851C8935A6}.Release|Mixed Platforms.Build.0 = Release|Any CPU
		{7BF61BD2-84D9-4EFB-B6D8-3B851C8935A6}.Release|Win32.ActiveCfg = Release|Any CPU
		{7BF61BD2-84D9-4EFB-B6D8-3B851C8935A6}.Setup|Any CPU.ActiveCfg = Release|Any CPU
		{7BF61BD2-84D9-4EFB-B6D8-3B851C8935A6}.Setup|Any CPU.Build.0 = Release|Any CPU
		{7BF61BD2-84D9-4EFB-B6D8-3B851C8935A6}.Setup|Mixed Platforms.ActiveCfg = Release|Any CPU
		{7BF61BD2-84D9-4EFB-B6D8-3B851C8935A6}.Setup|Mixed Platforms.Build.0 = Release|Any CPU
		{7BF61BD2-84D9-4EFB-B6D8-3B851C8935A6}.Setup|Win32.ActiveCfg = Release|Any CPU
		{7BF61BD2-84D9-4EFB-B6D8-3B851C8935A6}.Test|Any CPU.ActiveCfg = Release|Any CPU
		{7BF61BD2-84D9-4EFB-B6D8-3B851C8935A6}.Test|Any CPU.Build.0 = Release|Any CPU
		{7BF61BD2-84D9-4EFB-B6D8-3B851C8935A6}.Test|Mixed Platforms.ActiveCfg = Debug|Any CPU
		{7BF61BD2-84D9-4EFB-B6D8-3B851C8935A6}.Test|Win32.ActiveCfg = Release|Any CPU
		{18D29461-7890-4EB6-8A8C-DAC5E6AB4B57}.Debug|Any CPU.ActiveCfg = Debug|Any CPU
		{18D29461-7890-4EB6-8A8C-DAC5E6AB4B57}.Debug|Any CPU.Build.0 = Debug|Any CPU
		{18D29461-7890-4EB6-8A8C-DAC5E6AB4B57}.Debug|Mixed Platforms.ActiveCfg = Debug|Any CPU
		{18D29461-7890-4EB6-8A8C-DAC5E6AB4B57}.Debug|Mixed Platforms.Build.0 = Debug|Any CPU
		{18D29461-7890-4EB6-8A8C-DAC5E6AB4B57}.Debug|Win32.ActiveCfg = Debug|Any CPU
		{18D29461-7890-4EB6-8A8C-DAC5E6AB4B57}.Release|Any CPU.ActiveCfg = Release|Any CPU
		{18D29461-7890-4EB6-8A8C-DAC5E6AB4B57}.Release|Any CPU.Build.0 = Release|Any CPU
		{18D29461-7890-4EB6-8A8C-DAC5E6AB4B57}.Release|Mixed Platforms.ActiveCfg = Release|Any CPU
		{18D29461-7890-4EB6-8A8C-DAC5E6AB4B57}.Release|Mixed Platforms.Build.0 = Release|Any CPU
		{18D29461-7890-4EB6-8A8C-DAC5E6AB4B57}.Release|Win32.ActiveCfg = Release|Any CPU
		{18D29461-7890-4EB6-8A8C-DAC5E6AB4B57}.Setup|Any CPU.ActiveCfg = Release|Any CPU
		{18D29461-7890-4EB6-8A8C-DAC5E6AB4B57}.Setup|Any CPU.Build.0 = Release|Any CPU
		{18D29461-7890-4EB6-8A8C-DAC5E6AB4B57}.Setup|Mixed Platforms.ActiveCfg = Release|Any CPU
		{18D29461-7890-4EB6-8A8C-DAC5E6AB4B57}.Setup|Mixed Platforms.Build.0 = Release|Any CPU
		{18D29461-7890-4EB6-8A8C-DAC5E6AB4B57}.Setup|Win32.ActiveCfg = Release|Any CPU
		{18D29461-7890-4EB6-8A8C-DAC5E6AB4B57}.Test|Any CPU.ActiveCfg = Release|Any CPU
		{18D29461-7890-4EB6-8A8C-DAC5E6AB4B57}.Test|Any CPU.Build.0 = Release|Any CPU
		{18D29461-7890-4EB6-8A8C-DAC5E6AB4B57}.Test|Mixed Platforms.ActiveCfg = Debug|Any CPU
		{18D29461-7890-4EB6-8A8C-DAC5E6AB4B57}.Test|Win32.ActiveCfg = Release|Any CPU
		{D179C0D8-461A-4FF1-8119-40CC73C520DB}.Debug|Any CPU.ActiveCfg = Debug|Win32
		{D179C0D8-461A-4FF1-8119-40CC73C520DB}.Debug|Mixed Platforms.ActiveCfg = Debug|Win32
		{D179C0D8-461A-4FF1-8119-40CC73C520DB}.Debug|Mixed Platforms.Build.0 = Debug|Win32
		{D179C0D8-461A-4FF1-8119-40CC73C520DB}.Debug|Win32.ActiveCfg = Debug|Win32
		{D179C0D8-461A-4FF1-8119-40CC73C520DB}.Debug|Win32.Build.0 = Debug|Win32
		{D179C0D8-461A-4FF1-8119-40CC73C520DB}.Release|Any CPU.ActiveCfg = Release|Win32
		{D179C0D8-461A-4FF1-8119-40CC73C520DB}.Release|Mixed Platforms.ActiveCfg = Release|Win32
		{D179C0D8-461A-4FF1-8119-40CC73C520DB}.Release|Mixed Platforms.Build.0 = Release|Win32
		{D179C0D8-461A-4FF1-8119-40CC73C520DB}.Release|Win32.ActiveCfg = Release|Win32
		{D179C0D8-461A-4FF1-8119-40CC73C520DB}.Release|Win32.Build.0 = Release|Win32
		{D179C0D8-461A-4FF1-8119-40CC73C520DB}.Setup|Any CPU.ActiveCfg = Release|Win32
		{D179C0D8-461A-4FF1-8119-40CC73C520DB}.Setup|Mixed Platforms.ActiveCfg = Release|Win32
		{D179C0D8-461A-4FF1-8119-40CC73C520DB}.Setup|Mixed Platforms.Build.0 = Release|Win32
		{D179C0D8-461A-4FF1-8119-40CC73C520DB}.Setup|Win32.ActiveCfg = Release|Win32
		{D179C0D8-461A-4FF1-8119-40CC73C520DB}.Setup|Win32.Build.0 = Release|Win32
		{D179C0D8-461A-4FF1-8119-40CC73C520DB}.Test|Any CPU.ActiveCfg = Release|Win32
		{D179C0D8-461A-4FF1-8119-40CC73C520DB}.Test|Mixed Platforms.ActiveCfg = Release|Win32
		{D179C0D8-461A-4FF1-8119-40CC73C520DB}.Test|Mixed Platforms.Build.0 = Release|Win32
		{D179C0D8-461A-4FF1-8119-40CC73C520DB}.Test|Win32.ActiveCfg = Release|Win32
		{D179C0D8-461A-4FF1-8119-40CC73C520DB}.Test|Win32.Build.0 = Release|Win32
		{76BC3D65-7455-483E-8327-436F9C3F495A}.Debug|Any CPU.ActiveCfg = Debug|Any CPU
		{76BC3D65-7455-483E-8327-436F9C3F495A}.Debug|Any CPU.Build.0 = Debug|Any CPU
		{76BC3D65-7455-483E-8327-436F9C3F495A}.Debug|Mixed Platforms.ActiveCfg = Debug|Any CPU
		{76BC3D65-7455-483E-8327-436F9C3F495A}.Debug|Mixed Platforms.Build.0 = Debug|Any CPU
		{76BC3D65-7455-483E-8327-436F9C3F495A}.Debug|Win32.ActiveCfg = Debug|Any CPU
		{76BC3D65-7455-483E-8327-436F9C3F495A}.Release|Any CPU.ActiveCfg = Release|Any CPU
		{76BC3D65-7455-483E-8327-436F9C3F495A}.Release|Any CPU.Build.0 = Release|Any CPU
		{76BC3D65-7455-483E-8327-436F9C3F495A}.Release|Mixed Platforms.ActiveCfg = Release|Any CPU
		{76BC3D65-7455-483E-8327-436F9C3F495A}.Release|Mixed Platforms.Build.0 = Release|Any CPU
		{76BC3D65-7455-483E-8327-436F9C3F495A}.Release|Win32.ActiveCfg = Release|Any CPU
		{76BC3D65-7455-483E-8327-436F9C3F495A}.Setup|Any CPU.ActiveCfg = Release|Any CPU
		{76BC3D65-7455-483E-8327-436F9C3F495A}.Setup|Any CPU.Build.0 = Release|Any CPU
		{76BC3D65-7455-483E-8327-436F9C3F495A}.Setup|Mixed Platforms.ActiveCfg = Release|Any CPU
		{76BC3D65-7455-483E-8327-436F9C3F495A}.Setup|Mixed Platforms.Build.0 = Release|Any CPU
		{76BC3D65-7455-483E-8327-436F9C3F495A}.Setup|Win32.ActiveCfg = Release|Any CPU
		{76BC3D65-7455-483E-8327-436F9C3F495A}.Test|Any CPU.ActiveCfg = Release|Any CPU
		{76BC3D65-7455-483E-8327-436F9C3F495A}.Test|Any CPU.Build.0 = Release|Any CPU
		{76BC3D65-7455-483E-8327-436F9C3F495A}.Test|Mixed Platforms.ActiveCfg = Release|Any CPU
		{76BC3D65-7455-483E-8327-436F9C3F495A}.Test|Mixed Platforms.Build.0 = Release|Any CPU
		{76BC3D65-7455-483E-8327-436F9C3F495A}.Test|Win32.ActiveCfg = Release|Any CPU
		{2E9F16E1-03CE-4160-AF5B-EE5813740080}.Debug|Any CPU.ActiveCfg = Debug|Any CPU
		{2E9F16E1-03CE-4160-AF5B-EE5813740080}.Debug|Any CPU.Build.0 = Debug|Any CPU
		{2E9F16E1-03CE-4160-AF5B-EE5813740080}.Debug|Mixed Platforms.ActiveCfg = Debug|Any CPU
		{2E9F16E1-03CE-4160-AF5B-EE5813740080}.Debug|Mixed Platforms.Build.0 = Debug|Any CPU
		{2E9F16E1-03CE-4160-AF5B-EE5813740080}.Debug|Win32.ActiveCfg = Debug|Any CPU
		{2E9F16E1-03CE-4160-AF5B-EE5813740080}.Release|Any CPU.ActiveCfg = Release|Any CPU
		{2E9F16E1-03CE-4160-AF5B-EE5813740080}.Release|Any CPU.Build.0 = Release|Any CPU
		{2E9F16E1-03CE-4160-AF5B-EE5813740080}.Release|Mixed Platforms.ActiveCfg = Release|Any CPU
		{2E9F16E1-03CE-4160-AF5B-EE5813740080}.Release|Mixed Platforms.Build.0 = Release|Any CPU
		{2E9F16E1-03CE-4160-AF5B-EE5813740080}.Release|Win32.ActiveCfg = Release|Any CPU
		{2E9F16E1-03CE-4160-AF5B-EE5813740080}.Setup|Any CPU.ActiveCfg = Release|Any CPU
		{2E9F16E1-03CE-4160-AF5B-EE5813740080}.Setup|Any CPU.Build.0 = Release|Any CPU
		{2E9F16E1-03CE-4160-AF5B-EE5813740080}.Setup|Mixed Platforms.ActiveCfg = Release|Any CPU
		{2E9F16E1-03CE-4160-AF5B-EE5813740080}.Setup|Mixed Platforms.Build.0 = Release|Any CPU
		{2E9F16E1-03CE-4160-AF5B-EE5813740080}.Setup|Win32.ActiveCfg = Release|Any CPU
		{2E9F16E1-03CE-4160-AF5B-EE5813740080}.Test|Any CPU.ActiveCfg = Release|Any CPU
		{2E9F16E1-03CE-4160-AF5B-EE5813740080}.Test|Any CPU.Build.0 = Release|Any CPU
		{2E9F16E1-03CE-4160-AF5B-EE5813740080}.Test|Mixed Platforms.ActiveCfg = Release|Any CPU
		{2E9F16E1-03CE-4160-AF5B-EE5813740080}.Test|Mixed Platforms.Build.0 = Release|Any CPU
		{2E9F16E1-03CE-4160-AF5B-EE5813740080}.Test|Win32.ActiveCfg = Release|Any CPU
		{D838D454-2145-44B3-9CB1-3B1B228C61AC}.Debug|Any CPU.ActiveCfg = Debug|Win32
		{D838D454-2145-44B3-9CB1-3B1B228C61AC}.Debug|Mixed Platforms.ActiveCfg = Debug|Win32
		{D838D454-2145-44B3-9CB1-3B1B228C61AC}.Debug|Mixed Platforms.Build.0 = Debug|Win32
		{D838D454-2145-44B3-9CB1-3B1B228C61AC}.Debug|Win32.ActiveCfg = Debug|Win32
		{D838D454-2145-44B3-9CB1-3B1B228C61AC}.Debug|Win32.Build.0 = Debug|Win32
		{D838D454-2145-44B3-9CB1-3B1B228C61AC}.Release|Any CPU.ActiveCfg = Release|Win32
		{D838D454-2145-44B3-9CB1-3B1B228C61AC}.Release|Mixed Platforms.ActiveCfg = Release|Win32
		{D838D454-2145-44B3-9CB1-3B1B228C61AC}.Release|Mixed Platforms.Build.0 = Release|Win32
		{D838D454-2145-44B3-9CB1-3B1B228C61AC}.Release|Win32.ActiveCfg = Release|Win32
		{D838D454-2145-44B3-9CB1-3B1B228C61AC}.Release|Win32.Build.0 = Release|Win32
		{D838D454-2145-44B3-9CB1-3B1B228C61AC}.Setup|Any CPU.ActiveCfg = Release|Win32
		{D838D454-2145-44B3-9CB1-3B1B228C61AC}.Setup|Mixed Platforms.ActiveCfg = Release|Win32
		{D838D454-2145-44B3-9CB1-3B1B228C61AC}.Setup|Mixed Platforms.Build.0 = Release|Win32
		{D838D454-2145-44B3-9CB1-3B1B228C61AC}.Setup|Win32.ActiveCfg = Release|Win32
		{D838D454-2145-44B3-9CB1-3B1B228C61AC}.Setup|Win32.Build.0 = Release|Win32
		{D838D454-2145-44B3-9CB1-3B1B228C61AC}.Test|Any CPU.ActiveCfg = Release|Win32
		{D838D454-2145-44B3-9CB1-3B1B228C61AC}.Test|Mixed Platforms.ActiveCfg = Release|Win32
		{D838D454-2145-44B3-9CB1-3B1B228C61AC}.Test|Mixed Platforms.Build.0 = Release|Win32
		{D838D454-2145-44B3-9CB1-3B1B228C61AC}.Test|Win32.ActiveCfg = Release|Win32
		{D838D454-2145-44B3-9CB1-3B1B228C61AC}.Test|Win32.Build.0 = Release|Win32
	EndGlobalSection
	GlobalSection(SolutionProperties) = preSolution
		HideSolutionNode = FALSE
	EndGlobalSection
EndGlobal
