<?xml version="1.0" encoding="utf-8"?>
<Project ToolsVersion="4.0" xmlns="http://schemas.microsoft.com/developer/msbuild/2003">
  <ItemGroup>
    <Filter Include="Source Files">
      <UniqueIdentifier>{4FC737F1-C7A5-4376-A066-2A32D752A2FF}</UniqueIdentifier>
      <Extensions>cpp;c;cxx;def;odl;idl;hpj;bat;asm;asmx</Extensions>
    </Filter>
    <Filter Include="Header Files">
      <UniqueIdentifier>{93995380-89BD-4b04-88EB-625FBE52EBFB}</UniqueIdentifier>
      <Extensions>h;hpp;hxx;hm;inl;inc;xsd</Extensions>
    </Filter>
    <Filter Include="Resource Files">
      <UniqueIdentifier>{67DA6AB6-F800-4c08-8B7A-83BB121AAD01}</UniqueIdentifier>
      <Extensions>rc;ico;cur;bmp;dlg;rc2;rct;bin;rgs;gif;jpg;jpeg;jpe;resx</Extensions>
    </Filter>
    <Filter Include="RPCLib">
      <UniqueIdentifier>{ba915eb9-68b6-4093-b5c1-f384a620d3a0}</UniqueIdentifier>
    </Filter>
    <Filter Include="RPCLib\mt">
      <UniqueIdentifier>{5bf0ffca-6eda-4573-80bf-7b8424d12e61}</UniqueIdentifier>
    </Filter>
    <Filter Include="RPCLib\transport">
      <UniqueIdentifier>{cf2bf04b-333a-4e46-a63c-5b46c1facd20}</UniqueIdentifier>
    </Filter>
  </ItemGroup>
  <ItemGroup>
    <ClCompile Include="allocator.cpp">
      <Filter>Source Files</Filter>
    </ClCompile>
    <ClCompile Include="corhelper.cpp">
      <Filter>Source Files</Filter>
    </ClCompile>
    <ClCompile Include="corprofiler.cpp">
      <Filter>Source Files</Filter>
    </ClCompile>
    <ClCompile Include="corprofiler_options.cpp">
      <Filter>Source Files</Filter>
    </ClCompile>
    <ClCompile Include="environment.cpp">
      <Filter>Source Files</Filter>
    </ClCompile>
    <ClCompile Include="function_map.cpp">
      <Filter>Source Files</Filter>
    </ClCompile>
    <ClCompile Include="helpers.cpp">
      <Filter>Source Files</Filter>
    </ClCompile>
    <ClCompile Include="il_helpers.cpp">
      <Filter>Source Files</Filter>
    </ClCompile>
    <ClCompile Include="il_instrumentator.cpp">
      <Filter>Source Files</Filter>
    </ClCompile>
    <ClCompile Include="il_instrumented_body.cpp">
      <Filter>Source Files</Filter>
    </ClCompile>
    <ClCompile Include="il_sigparser.cpp">
      <Filter>Source Files</Filter>
    </ClCompile>
    <ClCompile Include="instrumented_results.cpp">
      <Filter>Source Files</Filter>
    </ClCompile>
    <ClCompile Include="logging.cpp">
      <Filter>Source Files</Filter>
    </ClCompile>
    <ClCompile Include="module.cpp">
      <Filter>Source Files</Filter>
    </ClCompile>
    <ClCompile Include="partcover_connector.cpp">
      <Filter>Source Files</Filter>
    </ClCompile>
    <ClCompile Include="protocol.cpp">
      <Filter>Source Files</Filter>
    </ClCompile>
    <ClCompile Include="rules.cpp">
      <Filter>Source Files</Filter>
    </ClCompile>
    <ClCompile Include="stdafx.cpp">
      <Filter>Source Files</Filter>
    </ClCompile>
    <ClCompile Include="RPCLib\transport\pipeclient.cpp">
      <Filter>RPCLib\transport</Filter>
    </ClCompile>
  </ItemGroup>
  <ItemGroup>
    <ClInclude Include="allocator.h">
      <Filter>Header Files</Filter>
    </ClInclude>
    <ClInclude Include="corhelper.h">
      <Filter>Header Files</Filter>
    </ClInclude>
    <ClInclude Include="corprofiler.h">
      <Filter>Header Files</Filter>
    </ClInclude>
    <ClInclude Include="corprofiler_options.h">
      <Filter>Header Files</Filter>
    </ClInclude>
    <ClInclude Include="defines.h">
      <Filter>Header Files</Filter>
    </ClInclude>
    <ClInclude Include="environment.h">
      <Filter>Header Files</Filter>
    </ClInclude>
    <ClInclude Include="function_map.h">
      <Filter>Header Files</Filter>
    </ClInclude>
    <ClInclude Include="helpers.h">
      <Filter>Header Files</Filter>
    </ClInclude>
    <ClInclude Include="il_helpers.h">
      <Filter>Header Files</Filter>
    </ClInclude>
    <ClInclude Include="il_instrumentator.h">
      <Filter>Header Files</Filter>
    </ClInclude>
    <ClInclude Include="il_instrumentedbody.h">
      <Filter>Header Files</Filter>
    </ClInclude>
    <ClInclude Include="il_sigparser.h">
      <Filter>Header Files</Filter>
    </ClInclude>
    <ClInclude Include="instrumented_results.h">
      <Filter>Header Files</Filter>
    </ClInclude>
    <ClInclude Include="interface.h">
      <Filter>Header Files</Filter>
    </ClInclude>
    <ClInclude Include="logging.h">
      <Filter>Header Files</Filter>
    </ClInclude>
    <ClInclude Include="partcover_connector.h">
      <Filter>Header Files</Filter>
    </ClInclude>
    <ClInclude Include="protocol.h">
      <Filter>Header Files</Filter>
    </ClInclude>
    <ClInclude Include="resource.h">
      <Filter>Header Files</Filter>
    </ClInclude>
    <ClInclude Include="rules.h">
      <Filter>Header Files</Filter>
    </ClInclude>
    <ClInclude Include="stdafx.h">
      <Filter>Header Files</Filter>
    </ClInclude>
    <ClInclude Include="RPCLib\idl.h">
      <Filter>RPCLib</Filter>
    </ClInclude>
    <ClInclude Include="RPCLib\ifs_parameters.h">
      <Filter>RPCLib</Filter>
    </ClInclude>
    <ClInclude Include="RPCLib\parameters.h">
      <Filter>RPCLib</Filter>
    </ClInclude>
    <ClInclude Include="RPCLib\pipestransport.h">
      <Filter>RPCLib</Filter>
    </ClInclude>
    <ClInclude Include="RPCLib\preproc.h">
      <Filter>RPCLib</Filter>
    </ClInclude>
    <ClInclude Include="RPCLib\proxy.h">
      <Filter>RPCLib</Filter>
    </ClInclude>
    <ClInclude Include="RPCLib\rpcserver.h">
      <Filter>RPCLib</Filter>
    </ClInclude>
    <ClInclude Include="RPCLib\types.h">
      <Filter>RPCLib</Filter>
    </ClInclude>
    <ClInclude Include="RPCLib\mt\mtsync.h">
      <Filter>RPCLib\mt</Filter>
    </ClInclude>
    <ClInclude Include="RPCLib\mt\SynchronousServer.h">
      <Filter>RPCLib\mt</Filter>
    </ClInclude>
    <ClInclude Include="RPCLib\transport\pipeclient.h">
      <Filter>RPCLib\transport</Filter>
    </ClInclude>
    <ClInclude Include="RPCLib\transport\transport.h">
      <Filter>RPCLib\transport</Filter>
    </ClInclude>
  </ItemGroup>
  <ItemGroup>
    <ResourceCompile Include="PartCover.CorDriver.rc">
      <Filter>Resource Files</Filter>
    </ResourceCompile>
  </ItemGroup>
  <ItemGroup>
    <None Include="PartCover.CorDriver.rgs">
      <Filter>Resource Files</Filter>
    </None>
    <None Include="readme.txt" />
  </ItemGroup>
</Project>