Microsoft Visual Studio Solution File, Format Version 8.00
Project("{8BC9CEB8-8B4A-11D0-8D11-00A0C91BC942}") = "Client", "Client\Client.vcproj", "{16AA7F08-7723-4E0E-A9DA-529213191A5B}"
	ProjectSection(ProjectDependencies) = postProject
	EndProjectSection
EndProject
Project("{8BC9CEB8-8B4A-11D0-8D11-00A0C91BC942}") = "Server", "Server\Server.vcproj", "{8E82CB9A-EE0F-4412-9674-19506ABEA2C1}"
	ProjectSection(ProjectDependencies) = postProject
	EndProjectSection
EndProject
Global
	GlobalSection(SolutionConfiguration) = preSolution
		Debug = Debug
		Release = Release
	EndGlobalSection
	GlobalSection(ProjectConfiguration) = postSolution
		{16AA7F08-7723-4E0E-A9DA-529213191A5B}.Debug.ActiveCfg = Debug|Win32
		{16AA7F08-7723-4E0E-A9DA-529213191A5B}.Debug.Build.0 = Debug|Win32
		{16AA7F08-7723-4E0E-A9DA-529213191A5B}.Release.ActiveCfg = Release|Win32
		{16AA7F08-7723-4E0E-A9DA-529213191A5B}.Release.Build.0 = Release|Win32
		{8E82CB9A-EE0F-4412-9674-19506ABEA2C1}.Debug.ActiveCfg = Debug|Win32
		{8E82CB9A-EE0F-4412-9674-19506ABEA2C1}.Debug.Build.0 = Debug|Win32
		{8E82CB9A-EE0F-4412-9674-19506ABEA2C1}.Release.ActiveCfg = Release|Win32
		{8E82CB9A-EE0F-4412-9674-19506ABEA2C1}.Release.Build.0 = Release|Win32
	EndGlobalSection
	GlobalSection(ExtensibilityGlobals) = postSolution
	EndGlobalSection
	GlobalSection(ExtensibilityAddIns) = postSolution
	EndGlobalSection
EndGlobal
